
Microsoft Visual Studio Solution File, Format Version 12.00
# Visual Studio Version 17
VisualStudioVersion = 17.6.33723.286
MinimumVisualStudioVersion = 10.0.40219.1
Project("{FAE04EC0-301F-11D3-BF4B-00C04F79EFBC}") = "DRY", "DRY\DRY.csproj", "{B69440D2-5881-49C0-838E-D69E372A7175}"
EndProject
Global
	GlobalSection(SolutionConfigurationPlatforms) = preSolution
		Debug|Any CPU = Debug|Any CPU
		Release|Any CPU = Release|Any CPU
	EndGlobalSection
	GlobalSection(ProjectConfigurationPlatforms) = postSolution
		{B69440D2-5881-49C0-838E-D69E372A7175}.Debug|Any CPU.ActiveCfg = Debug|Any CPU
		{B69440D2-5881-49C0-838E-D69E372A7175}.Debug|Any CPU.Build.0 = Debug|Any CPU
		{B69440D2-5881-49C0-838E-D69E372A7175}.Release|Any CPU.ActiveCfg = Release|Any CPU
		{B69440D2-5881-49C0-838E-D69E372A7175}.Release|Any CPU.Build.0 = Release|Any CPU
	EndGlobalSection
	GlobalSection(SolutionProperties) = preSolution
		HideSolutionNode = FALSE
	EndGlobalSection
	GlobalSection(ExtensibilityGlobals) = postSolution
		SolutionGuid = {43A426E6-612E-41BD-B0E9-9A09736DCDE9}
	EndGlobalSection
EndGlobal
